// !$*UTF8*$!
{
	archiveVersion = 1;
	classes = {
	};
	objectVersion = 50;
	objects = {

/* Begin PBXBuildFile section */
		8D9CD70926E5E6DF00F72FC2 /* SwiftUITutorialsApp.swift in Sources */ = {isa = PBXBuildFile; fileRef = 8D9CD70826E5E6DF00F72FC2 /* SwiftUITutorialsApp.swift */; };
		8D9CD70B26E5E6DF00F72FC2 /* ContentView.swift in Sources */ = {isa = PBXBuildFile; fileRef = 8D9CD70A26E5E6DF00F72FC2 /* ContentView.swift */; };
		8D9CD70D26E5E6DF00F72FC2 /* Assets.xcassets in Resources */ = {isa = PBXBuildFile; fileRef = 8D9CD70C26E5E6DF00F72FC2 /* Assets.xcassets */; };
		8D9CD71026E5E6DF00F72FC2 /* Preview Assets.xcassets in Resources */ = {isa = PBXBuildFile; fileRef = 8D9CD70F26E5E6DF00F72FC2 /* Preview Assets.xcassets */; };
		8D9CD71826E61EA600F72FC2 /* CircleImage.swift in Sources */ = {isa = PBXBuildFile; fileRef = 8D9CD71726E61EA600F72FC2 /* CircleImage.swift */; };
		8D9CD71A26E6209C00F72FC2 /* MapView.swift in Sources */ = {isa = PBXBuildFile; fileRef = 8D9CD71926E6209C00F72FC2 /* MapView.swift */; };
		8D9CD71C26E630F400F72FC2 /* landmarkData.json in Resources */ = {isa = PBXBuildFile; fileRef = 8D9CD71B26E630F400F72FC2 /* landmarkData.json */; };
		8D9CD72026E6317900F72FC2 /* Landmark.swift in Sources */ = {isa = PBXBuildFile; fileRef = 8D9CD71F26E6317900F72FC2 /* Landmark.swift */; };
		8D9CD72226E6343D00F72FC2 /* ModelData.swift in Sources */ = {isa = PBXBuildFile; fileRef = 8D9CD72126E6343D00F72FC2 /* ModelData.swift */; };
		8DFC0B5A26E63A5700CD94DD /* LandmarkRow.swift in Sources */ = {isa = PBXBuildFile; fileRef = 8DFC0B5926E63A5700CD94DD /* LandmarkRow.swift */; };
		8DFC0B5C26E63C2100CD94DD /* LandmarkList.swift in Sources */ = {isa = PBXBuildFile; fileRef = 8DFC0B5B26E63C2100CD94DD /* LandmarkList.swift */; };
		8DFC0B5E26E63F2A00CD94DD /* LandmarkDetail.swift in Sources */ = {isa = PBXBuildFile; fileRef = 8DFC0B5D26E63F2A00CD94DD /* LandmarkDetail.swift */; };
/* End PBXBuildFile section */

/* Begin PBXFileReference section */
		8D9CD70526E5E6DF00F72FC2 /* SwiftUITutorials.app */ = {isa = PBXFileReference; explicitFileType = wrapper.application; includeInIndex = 0; path = SwiftUITutorials.app; sourceTree = BUILT_PRODUCTS_DIR; };
		8D9CD70826E5E6DF00F72FC2 /* SwiftUITutorialsApp.swift */ = {isa = PBXFileReference; lastKnownFileType = sourcecode.swift; path = SwiftUITutorialsApp.swift; sourceTree = "<group>"; };
		8D9CD70A26E5E6DF00F72FC2 /* ContentView.swift */ = {isa = PBXFileReference; lastKnownFileType = sourcecode.swift; path = ContentView.swift; sourceTree = "<group>"; };
		8D9CD70C26E5E6DF00F72FC2 /* Assets.xcassets */ = {isa = PBXFileReference; lastKnownFileType = folder.assetcatalog; path = Assets.xcassets; sourceTree = "<group>"; };
		8D9CD70F26E5E6DF00F72FC2 /* Preview Assets.xcassets */ = {isa = PBXFileReference; lastKnownFileType = folder.assetcatalog; path = "Preview Assets.xcassets"; sourceTree = "<group>"; };
		8D9CD71126E5E6DF00F72FC2 /* Info.plist */ = {isa = PBXFileReference; lastKnownFileType = text.plist.xml; path = Info.plist; sourceTree = "<group>"; };
		8D9CD71726E61EA600F72FC2 /* CircleImage.swift */ = {isa = PBXFileReference; lastKnownFileType = sourcecode.swift; path = CircleImage.swift; sourceTree = "<group>"; };
		8D9CD71926E6209C00F72FC2 /* MapView.swift */ = {isa = PBXFileReference; lastKnownFileType = sourcecode.swift; path = MapView.swift; sourceTree = "<group>"; };
		8D9CD71B26E630F400F72FC2 /* landmarkData.json */ = {isa = PBXFileReference; fileEncoding = 4; lastKnownFileType = text.json; path = landmarkData.json; sourceTree = "<group>"; };
		8D9CD71F26E6317900F72FC2 /* Landmark.swift */ = {isa = PBXFileReference; lastKnownFileType = sourcecode.swift; path = Landmark.swift; sourceTree = "<group>"; };
		8D9CD72126E6343D00F72FC2 /* ModelData.swift */ = {isa = PBXFileReference; lastKnownFileType = sourcecode.swift; path = ModelData.swift; sourceTree = "<group>"; };
		8DFC0B5926E63A5700CD94DD /* LandmarkRow.swift */ = {isa = PBXFileReference; lastKnownFileType = sourcecode.swift; path = LandmarkRow.swift; sourceTree = "<group>"; };
		8DFC0B5B26E63C2100CD94DD /* LandmarkList.swift */ = {isa = PBXFileReference; lastKnownFileType = sourcecode.swift; path = LandmarkList.swift; sourceTree = "<group>"; };
		8DFC0B5D26E63F2A00CD94DD /* LandmarkDetail.swift */ = {isa = PBXFileReference; lastKnownFileType = sourcecode.swift; path = LandmarkDetail.swift; sourceTree = "<group>"; };
/* End PBXFileReference section */

/* Begin PBXFrameworksBuildPhase section */
		8D9CD70226E5E6DF00F72FC2 /* Frameworks */ = {
			isa = PBXFrameworksBuildPhase;
			buildActionMask = 2147483647;
			files = (
			);
			runOnlyForDeploymentPostprocessing = 0;
		};
/* End PBXFrameworksBuildPhase section */

/* Begin PBXGroup section */
		8D9CD6FC26E5E6DF00F72FC2 = {
			isa = PBXGroup;
			children = (
				8D9CD70726E5E6DF00F72FC2 /* SwiftUITutorials */,
				8D9CD70626E5E6DF00F72FC2 /* Products */,
			);
			sourceTree = "<group>";
		};
		8D9CD70626E5E6DF00F72FC2 /* Products */ = {
			isa = PBXGroup;
			children = (
				8D9CD70526E5E6DF00F72FC2 /* SwiftUITutorials.app */,
			);
			name = Products;
			sourceTree = "<group>";
		};
		8D9CD70726E5E6DF00F72FC2 /* SwiftUITutorials */ = {
			isa = PBXGroup;
			children = (
				8D9CD70826E5E6DF00F72FC2 /* SwiftUITutorialsApp.swift */,
				8DFC0B5826E63A0700CD94DD /* Views */,
				8DFC0B5726E639FB00CD94DD /* Model */,
				8DFC0B5626E639E900CD94DD /* Resources */,
				8D9CD70C26E5E6DF00F72FC2 /* Assets.xcassets */,
				8D9CD71126E5E6DF00F72FC2 /* Info.plist */,
				8D9CD70E26E5E6DF00F72FC2 /* Preview Content */,
			);
			path = SwiftUITutorials;
			sourceTree = "<group>";
		};
		8D9CD70E26E5E6DF00F72FC2 /* Preview Content */ = {
			isa = PBXGroup;
			children = (
				8D9CD70F26E5E6DF00F72FC2 /* Preview Assets.xcassets */,
			);
			path = "Preview Content";
			sourceTree = "<group>";
		};
		8DFC0B5626E639E900CD94DD /* Resources */ = {
			isa = PBXGroup;
			children = (
				8D9CD71B26E630F400F72FC2 /* landmarkData.json */,
			);
			path = Resources;
			sourceTree = "<group>";
		};
		8DFC0B5726E639FB00CD94DD /* Model */ = {
			isa = PBXGroup;
			children = (
				8D9CD71F26E6317900F72FC2 /* Landmark.swift */,
				8D9CD72126E6343D00F72FC2 /* ModelData.swift */,
			);
			path = Model;
			sourceTree = "<group>";
		};
		8DFC0B5826E63A0700CD94DD /* Views */ = {
			isa = PBXGroup;
			children = (
				8D9CD70A26E5E6DF00F72FC2 /* ContentView.swift */,
				8D9CD71726E61EA600F72FC2 /* CircleImage.swift */,
				8D9CD71926E6209C00F72FC2 /* MapView.swift */,
				8DFC0B5926E63A5700CD94DD /* LandmarkRow.swift */,
				8DFC0B5B26E63C2100CD94DD /* LandmarkList.swift */,
				8DFC0B5D26E63F2A00CD94DD /* LandmarkDetail.swift */,
			);
			path = Views;
			sourceTree = "<group>";
		};
/* End PBXGroup section */

/* Begin PBXNativeTarget section */
		8D9CD70426E5E6DF00F72FC2 /* SwiftUITutorials */ = {
			isa = PBXNativeTarget;
			buildConfigurationList = 8D9CD71426E5E6DF00F72FC2 /* Build configuration list for PBXNativeTarget "SwiftUITutorials" */;
			buildPhases = (
				8D9CD70126E5E6DF00F72FC2 /* Sources */,
				8D9CD70226E5E6DF00F72FC2 /* Frameworks */,
				8D9CD70326E5E6DF00F72FC2 /* Resources */,
			);
			buildRules = (
			);
			dependencies = (
			);
			name = SwiftUITutorials;
			productName = SwiftUITutorials;
			productReference = 8D9CD70526E5E6DF00F72FC2 /* SwiftUITutorials.app */;
			productType = "com.apple.product-type.application";
		};
/* End PBXNativeTarget section */

/* Begin PBXProject section */
		8D9CD6FD26E5E6DF00F72FC2 /* Project object */ = {
			isa = PBXProject;
			attributes = {
				LastSwiftUpdateCheck = 1250;
				LastUpgradeCheck = 1250;
				TargetAttributes = {
					8D9CD70426E5E6DF00F72FC2 = {
						CreatedOnToolsVersion = 12.5.1;
					};
				};
			};
			buildConfigurationList = 8D9CD70026E5E6DF00F72FC2 /* Build configuration list for PBXProject "SwiftUITutorials" */;
			compatibilityVersion = "Xcode 9.3";
			developmentRegion = en;
			hasScannedForEncodings = 0;
			knownRegions = (
				en,
				Base,
			);
			mainGroup = 8D9CD6FC26E5E6DF00F72FC2;
			productRefGroup = 8D9CD70626E5E6DF00F72FC2 /* Products */;
			projectDirPath = "";
			projectRoot = "";
			targets = (
				8D9CD70426E5E6DF00F72FC2 /* SwiftUITutorials */,
			);
		};
/* End PBXProject section */

/* Begin PBXResourcesBuildPhase section */
		8D9CD70326E5E6DF00F72FC2 /* Resources */ = {
			isa = PBXResourcesBuildPhase;
			buildActionMask = 2147483647;
			files = (
				8D9CD71026E5E6DF00F72FC2 /* Preview Assets.xcassets in Resources */,
				8D9CD70D26E5E6DF00F72FC2 /* Assets.xcassets in Resources */,
				8D9CD71C26E630F400F72FC2 /* landmarkData.json in Resources */,
			);
			runOnlyForDeploymentPostprocessing = 0;
		};
/* End PBXResourcesBuildPhase section */

/* Begin PBXSourcesBuildPhase section */
		8D9CD70126E5E6DF00F72FC2 /* Sources */ = {
			isa = PBXSourcesBuildPhase;
			buildActionMask = 2147483647;
			files = (
				8D9CD70B26E5E6DF00F72FC2 /* ContentView.swift in Sources */,
				8D9CD71A26E6209C00F72FC2 /* MapView.swift in Sources */,
				8D9CD70926E5E6DF00F72FC2 /* SwiftUITutorialsApp.swift in Sources */,
				8DFC0B5C26E63C2100CD94DD /* LandmarkList.swift in Sources */,
				8DFC0B5E26E63F2A00CD94DD /* LandmarkDetail.swift in Sources */,
				8D9CD71826E61EA600F72FC2 /* CircleImage.swift in Sources */,
				8D9CD72026E6317900F72FC2 /* Landmark.swift in Sources */,
				8DFC0B5A26E63A5700CD94DD /* LandmarkRow.swift in Sources */,
				8D9CD72226E6343D00F72FC2 /* ModelData.swift in Sources */,
			);
			runOnlyForDeploymentPostprocessing = 0;
		};
/* End PBXSourcesBuildPhase section */

/* Begin XCBuildConfiguration section */
		8D9CD71226E5E6DF00F72FC2 /* Debug */ = {
			isa = XCBuildConfiguration;
			buildSettings = {
				ALWAYS_SEARCH_USER_PATHS = NO;
				CLANG_ANALYZER_NONNULL = YES;
				CLANG_ANALYZER_NUMBER_OBJECT_CONVERSION = YES_AGGRESSIVE;
				CLANG_CXX_LANGUAGE_STANDARD = "gnu++14";
				CLANG_CXX_LIBRARY = "libc++";
				CLANG_ENABLE_MODULES = YES;
				CLANG_ENABLE_OBJC_ARC = YES;
				CLANG_ENABLE_OBJC_WEAK = YES;
				CLANG_WARN_BLOCK_CAPTURE_AUTORELEASING = YES;
				CLANG_WARN_BOOL_CONVERSION = YES;
				CLANG_WARN_COMMA = YES;
				CLANG_WARN_CONSTANT_CONVERSION = YES;
				CLANG_WARN_DEPRECATED_OBJC_IMPLEMENTATIONS = YES;
				CLANG_WARN_DIRECT_OBJC_ISA_USAGE = YES_ERROR;
				CLANG_WARN_DOCUMENTATION_COMMENTS = YES;
				CLANG_WARN_EMPTY_BODY = YES;
				CLANG_WARN_ENUM_CONVERSION = YES;
				CLANG_WARN_INFINITE_RECURSION = YES;
				CLANG_WARN_INT_CONVERSION = YES;
				CLANG_WARN_NON_LITERAL_NULL_CONVERSION = YES;
				CLANG_WARN_OBJC_IMPLICIT_RETAIN_SELF = YES;
				CLANG_WARN_OBJC_LITERAL_CONVERSION = YES;
				CLANG_WARN_OBJC_ROOT_CLASS = YES_ERROR;
				CLANG_WARN_QUOTED_INCLUDE_IN_FRAMEWORK_HEADER = YES;
				CLANG_WARN_RANGE_LOOP_ANALYSIS = YES;
				CLANG_WARN_STRICT_PROTOTYPES = YES;
				CLANG_WARN_SUSPICIOUS_MOVE = YES;
				CLANG_WARN_UNGUARDED_AVAILABILITY = YES_AGGRESSIVE;
				CLANG_WARN_UNREACHABLE_CODE = YES;
				CLANG_WARN__DUPLICATE_METHOD_MATCH = YES;
				COPY_PHASE_STRIP = NO;
				DEBUG_INFORMATION_FORMAT = dwarf;
				ENABLE_STRICT_OBJC_MSGSEND = YES;
				ENABLE_TESTABILITY = YES;
				GCC_C_LANGUAGE_STANDARD = gnu11;
				GCC_DYNAMIC_NO_PIC = NO;
				GCC_NO_COMMON_BLOCKS = YES;
				GCC_OPTIMIZATION_LEVEL = 0;
				GCC_PREPROCESSOR_DEFINITIONS = (
					"DEBUG=1",
					"$(inherited)",
				);
				GCC_WARN_64_TO_32_BIT_CONVERSION = YES;
				GCC_WARN_ABOUT_RETURN_TYPE = YES_ERROR;
				GCC_WARN_UNDECLARED_SELECTOR = YES;
				GCC_WARN_UNINITIALIZED_AUTOS = YES_AGGRESSIVE;
				GCC_WARN_UNUSED_FUNCTION = YES;
				GCC_WARN_UNUSED_VARIABLE = YES;
				IPHONEOS_DEPLOYMENT_TARGET = 14.5;
				MTL_ENABLE_DEBUG_INFO = INCLUDE_SOURCE;
				MTL_FAST_MATH = YES;
				ONLY_ACTIVE_ARCH = YES;
				SDKROOT = iphoneos;
				SWIFT_ACTIVE_COMPILATION_CONDITIONS = DEBUG;
				SWIFT_OPTIMIZATION_LEVEL = "-Onone";
			};
			name = Debug;
		};
		8D9CD71326E5E6DF00F72FC2 /* Release */ = {
			isa = XCBuildConfiguration;
			buildSettings = {
				ALWAYS_SEARCH_USER_PATHS = NO;
				CLANG_ANALYZER_NONNULL = YES;
				CLANG_ANALYZER_NUMBER_OBJECT_CONVERSION = YES_AGGRESSIVE;
				CLANG_CXX_LANGUAGE_STANDARD = "gnu++14";
				CLANG_CXX_LIBRARY = "libc++";
				CLANG_ENABLE_MODULES = YES;
				CLANG_ENABLE_OBJC_ARC = YES;
				CLANG_ENABLE_OBJC_WEAK = YES;
				CLANG_WARN_BLOCK_CAPTURE_AUTORELEASING = YES;
				CLANG_WARN_BOOL_CONVERSION = YES;
				CLANG_WARN_COMMA = YES;
				CLANG_WARN_CONSTANT_CONVERSION = YES;
				CLANG_WARN_DEPRECATED_OBJC_IMPLEMENTATIONS = YES;
				CLANG_WARN_DIRECT_OBJC_ISA_USAGE = YES_ERROR;
				CLANG_WARN_DOCUMENTATION_COMMENTS = YES;
				CLANG_WARN_EMPTY_BODY = YES;
				CLANG_WARN_ENUM_CONVERSION = YES;
				CLANG_WARN_INFINITE_RECURSION = YES;
				CLANG_WARN_INT_CONVERSION = YES;
				CLANG_WARN_NON_LITERAL_NULL_CONVERSION = YES;
				CLANG_WARN_OBJC_IMPLICIT_RETAIN_SELF = YES;
				CLANG_WARN_OBJC_LITERAL_CONVERSION = YES;
				CLANG_WARN_OBJC_ROOT_CLASS = YES_ERROR;
				CLANG_WARN_QUOTED_INCLUDE_IN_FRAMEWORK_HEADER = YES;
				CLANG_WARN_RANGE_LOOP_ANALYSIS = YES;
				CLANG_WARN_STRICT_PROTOTYPES = YES;
				CLANG_WARN_SUSPICIOUS_MOVE = YES;
				CLANG_WARN_UNGUARDED_AVAILABILITY = YES_AGGRESSIVE;
				CLANG_WARN_UNREACHABLE_CODE = YES;
				CLANG_WARN__DUPLICATE_METHOD_MATCH = YES;
				COPY_PHASE_STRIP = NO;
				DEBUG_INFORMATION_FORMAT = "dwarf-with-dsym";
				ENABLE_NS_ASSERTIONS = NO;
				ENABLE_STRICT_OBJC_MSGSEND = YES;
				GCC_C_LANGUAGE_STANDARD = gnu11;
				GCC_NO_COMMON_BLOCKS = YES;
				GCC_WARN_64_TO_32_BIT_CONVERSION = YES;
				GCC_WARN_ABOUT_RETURN_TYPE = YES_ERROR;
				GCC_WARN_UNDECLARED_SELECTOR = YES;
				GCC_WARN_UNINITIALIZED_AUTOS = YES_AGGRESSIVE;
				GCC_WARN_UNUSED_FUNCTION = YES;
				GCC_WARN_UNUSED_VARIABLE = YES;
				IPHONEOS_DEPLOYMENT_TARGET = 14.5;
				MTL_ENABLE_DEBUG_INFO = NO;
				MTL_FAST_MATH = YES;
				SDKROOT = iphoneos;
				SWIFT_COMPILATION_MODE = wholemodule;
				SWIFT_OPTIMIZATION_LEVEL = "-O";
				VALIDATE_PRODUCT = YES;
			};
			name = Release;
		};
		8D9CD71526E5E6DF00F72FC2 /* Debug */ = {
			isa = XCBuildConfiguration;
			buildSettings = {
				ASSETCATALOG_COMPILER_APPICON_NAME = AppIcon;
				ASSETCATALOG_COMPILER_GLOBAL_ACCENT_COLOR_NAME = AccentColor;
				CODE_SIGN_STYLE = Automatic;
				DEVELOPMENT_ASSET_PATHS = "\"SwiftUITutorials/Preview Content\"";
				DEVELOPMENT_TEAM = KV5A596S79;
				ENABLE_PREVIEWS = YES;
				INFOPLIST_FILE = SwiftUITutorials/Info.plist;
				IPHONEOS_DEPLOYMENT_TARGET = 14.0;
				LD_RUNPATH_SEARCH_PATHS = (
					"$(inherited)",
					"@executable_path/Frameworks",
				);
				PRODUCT_BUNDLE_IDENTIFIER = com.phonthepA.SwiftUITutorials;
				PRODUCT_NAME = "$(TARGET_NAME)";
				SWIFT_VERSION = 5.0;
				TARGETED_DEVICE_FAMILY = "1,2";
			};
			name = Debug;
		};
		8D9CD71626E5E6DF00F72FC2 /* Release */ = {
			isa = XCBuildConfiguration;
			buildSettings = {
				ASSETCATALOG_COMPILER_APPICON_NAME = AppIcon;
				ASSETCATALOG_COMPILER_GLOBAL_ACCENT_COLOR_NAME = AccentColor;
				CODE_SIGN_STYLE = Automatic;
				DEVELOPMENT_ASSET_PATHS = "\"SwiftUITutorials/Preview Content\"";
				DEVELOPMENT_TEAM = KV5A596S79;
				ENABLE_PREVIEWS = YES;
				INFOPLIST_FILE = SwiftUITutorials/Info.plist;
				IPHONEOS_DEPLOYMENT_TARGET = 14.0;
				LD_RUNPATH_SEARCH_PATHS = (
					"$(inherited)",
					"@executable_path/Frameworks",
				);
				PRODUCT_BUNDLE_IDENTIFIER = com.phonthepA.SwiftUITutorials;
				PRODUCT_NAME = "$(TARGET_NAME)";
				SWIFT_VERSION = 5.0;
				TARGETED_DEVICE_FAMILY = "1,2";
			};
			name = Release;
		};
/* End XCBuildConfiguration section */

/* Begin XCConfigurationList section */
		8D9CD70026E5E6DF00F72FC2 /* Build configuration list for PBXProject "SwiftUITutorials" */ = {
			isa = XCConfigurationList;
			buildConfigurations = (
				8D9CD71226E5E6DF00F72FC2 /* Debug */,
				8D9CD71326E5E6DF00F72FC2 /* Release */,
			);
			defaultConfigurationIsVisible = 0;
			defaultConfigurationName = Release;
		};
		8D9CD71426E5E6DF00F72FC2 /* Build configuration list for PBXNativeTarget "SwiftUITutorials" */ = {
			isa = XCConfigurationList;
			buildConfigurations = (
				8D9CD71526E5E6DF00F72FC2 /* Debug */,
				8D9CD71626E5E6DF00F72FC2 /* Release */,
			);
			defaultConfigurationIsVisible = 0;
			defaultConfigurationName = Release;
		};
/* End XCConfigurationList section */
	};
	rootObject = 8D9CD6FD26E5E6DF00F72FC2 /* Project object */;
}
